Microsoft Visual Studio Solution File, Format Version 12.00
# Visual Studio Version 17
VisualStudioVersion = 17.0.31912.275
MinimumVisualStudioVersion = 10.0.40219.1
Project("{FAE04EC0-301F-11D3-BF4B-00C04F79EFBC}") = "Santel.Redis.TypedKeys", "AspNetLib\Santel.Redis.TypedKeys.csproj", "{E6C9CFB4-1F6E-4B31-873E-AC7B6125E584}"
EndProject
Project("{FAE04EC0-301F-11D3-BF4B-00C04F79EFBC}") = "Example", "Example\Example.csproj", "{AC096326-A594-4C54-8498-C2645E98E18E}"
EndProject
Project("{2150E333-8FDC-42A3-9474-1A3956D46DE8}") = "Solution Items", "Solution Items", "{02EA681E-C7D8-13C7-8484-4AC65E1B71E8}"
	ProjectSection(SolutionItems) = preProject
		.editorconfig = .editorconfig
	EndProjectSection
EndProject
Project("{FAE04EC0-301F-11D3-BF4B-00C04F79EFBC}") = "TestProject", "TestProject\TestProject.csproj", "{9C133B60-C044-407C-9C5A-8467FEDFAC27}"
EndProject
Global
	GlobalSection(SolutionConfigurationPlatforms) = preSolution
		Debug|Any CPU = Debug|Any CPU
		Release|Any CPU = Release|Any CPU
	EndGlobalSection
	GlobalSection(ProjectConfigurationPlatforms) = postSolution
		{E6C9CFB4-1F6E-4B31-873E-AC7B6125E584}.Debug|Any CPU.ActiveCfg = Debug|Any CPU
		{E6C9CFB4-1F6E-4B31-873E-AC7B6125E584}.Debug|Any CPU.Build.0 = Debug|Any CPU
		{E6C9CFB4-1F6E-4B31-873E-AC7B6125E584}.Release|Any CPU.ActiveCfg = Release|Any CPU
		{E6C9CFB4-1F6E-4B31-873E-AC7B6125E584}.Release|Any CPU.Build.0 = Release|Any CPU
		{AC096326-A594-4C54-8498-C2645E98E18E}.Debug|Any CPU.ActiveCfg = Debug|Any CPU
		{AC096326-A594-4C54-8498-C2645E98E18E}.Debug|Any CPU.Build.0 = Debug|Any CPU
		{AC096326-A594-4C54-8498-C2645E98E18E}.Release|Any CPU.ActiveCfg = Release|Any CPU
		{AC096326-A594-4C54-8498-C2645E98E18E}.Release|Any CPU.Build.0 = Release|Any CPU
		{9C133B60-C044-407C-9C5A-8467FEDFAC27}.Debug|Any CPU.ActiveCfg = Debug|Any CPU
		{9C133B60-C044-407C-9C5A-8467FEDFAC27}.Debug|Any CPU.Build.0 = Debug|Any CPU
		{9C133B60-C044-407C-9C5A-8467FEDFAC27}.Release|Any CPU.ActiveCfg = Release|Any CPU
		{9C133B60-C044-407C-9C5A-8467FEDFAC27}.Release|Any CPU.Build.0 = Release|Any CPU
	EndGlobalSection
	GlobalSection(SolutionProperties) = preSolution
		HideSolutionNode = FALSE
	EndGlobalSection
	GlobalSection(ExtensibilityGlobals) = postSolution
		SolutionGuid = {2E863590-49ED-4DDF-9763-9380A86859AA}
	EndGlobalSection
EndGlobal
